Microsoft Visual Studio Solution File, Format Version 12.00
# Visual Studio Version 17
VisualStudioVersion = 17.5.2.0
MinimumVisualStudioVersion = 10.0.40219.1
Project("{FAE04EC0-301F-11D3-BF4B-00C04F79EFBC}") = "solid_practice", "solid_practice.csproj", "{9756A9E0-BA08-20FD-C1A6-7DA2FDFB78BF}"
EndProject
Global
	GlobalSection(SolutionConfigurationPlatforms) = preSolution
		Debug|Any CPU = Debug|Any CPU
		Release|Any CPU = Release|Any CPU
	EndGlobalSection
	GlobalSection(ProjectConfigurationPlatforms) = postSolution
		{9756A9E0-BA08-20FD-C1A6-7DA2FDFB78BF}.Debug|Any CPU.ActiveCfg = Debug|Any CPU
		{9756A9E0-BA08-20FD-C1A6-7DA2FDFB78BF}.Debug|Any CPU.Build.0 = Debug|Any CPU
		{9756A9E0-BA08-20FD-C1A6-7DA2FDFB78BF}.Release|Any CPU.ActiveCfg = Release|Any CPU
		{9756A9E0-BA08-20FD-C1A6-7DA2FDFB78BF}.Release|Any CPU.Build.0 = Release|Any CPU
	EndGlobalSection
	GlobalSection(SolutionProperties) = preSolution
		HideSolutionNode = FALSE
	EndGlobalSection
	GlobalSection(ExtensibilityGlobals) = postSolution
		SolutionGuid = {01C08E64-B72C-41E4-BCED-859E6B7D1EAA}
	EndGlobalSection
EndGlobal
